Microsoft Visual Studio Solution File, Format Version 12.00
# Visual Studio Version 18
VisualStudioVersion = 18.1.11312.151
MinimumVisualStudioVersion = 10.0.40219.1
Project("{9A19103F-16F7-4668-BE54-9A1E7A4F7556}") = "TAIS (Tourist Agency Info System)", "TAIS (Tourist Agency Info System)\TAIS (Tourist Agency Info System).csproj", "{546A2FAF-0025-4ADA-8CBA-D40708831A59}"
EndProject
Project("{FAE04EC0-301F-11D3-BF4B-00C04F79EFBC}") = "LoginFormDll", "LoginFormDll\LoginFormDll.csproj", "{00E4A2B6-EA6A-8AC3-E0F2-A30B0079F275}"
EndProject
Project("{FAE04EC0-301F-11D3-BF4B-00C04F79EFBC}") = "AuthorizationLibrary", "Authorization\AuthorizationLibrary.csproj", "{5B64EF52-D70B-41D4-A9E2-DF3CB4C6427B}"
EndProject
Project("{FAE04EC0-301F-11D3-BF4B-00C04F79EFBC}") = "SqlCommandModule", "SqlCommandModule\SqlCommandModule.csproj", "{17A61A4F-DA02-4A06-A9A3-372C817C895A}"
EndProject
Project("{FAE04EC0-301F-11D3-BF4B-00C04F79EFBC}") = "MenuLibrary", "MenuLibrary\MenuLibrary.csproj", "{24A2DC1B-B1FA-4B88-AAA4-7C4AB9240D39}"
EndProject
Project("{FAE04EC0-301F-11D3-BF4B-00C04F79EFBC}") = "MainModule", "MainModule\MainModule.csproj", "{D9548046-3502-477A-AF7A-F06A258624BB}"
EndProject
Project("{FAE04EC0-301F-11D3-BF4B-00C04F79EFBC}") = "OtherModule", "OtherModule\OtherModule.csproj", "{444034D7-A6DA-4E60-82A0-27A1274BD6AB}"
EndProject
Project("{FAE04EC0-301F-11D3-BF4B-00C04F79EFBC}") = "HelpModule", "HelpModule\HelpModule.csproj", "{30C2B289-BD7E-4EA0-B437-C286AF43E16B}"
EndProject
Project("{FAE04EC0-301F-11D3-BF4B-00C04F79EFBC}") = "EmployeeModule", "EmployeeModule\EmployeeModule.csproj", "{32CD500B-B630-4B70-92B7-B1AD5639C9CF}"
EndProject
Project("{FAE04EC0-301F-11D3-BF4B-00C04F79EFBC}") = "GuideModule", "GeographyModule\GuideModule.csproj", "{112E2442-9FCE-7AB4-4737-EAF9751270D8}"
EndProject
Project("{FAE04EC0-301F-11D3-BF4B-00C04F79EFBC}") = "OrderModule", "OrderModule\OrderModule.csproj", "{DBEE125D-2731-41F4-8A60-119435709EA3}"
EndProject
Project("{FAE04EC0-301F-11D3-BF4B-00C04F79EFBC}") = "ClientModule", "ClientModule\ClientModule.csproj", "{6C33384E-AF97-552B-2023-15E437E5422D}"
EndProject
Project("{FAE04EC0-301F-11D3-BF4B-00C04F79EFBC}") = "TripModule", "TripModule\TripModule.csproj", "{A70C533E-4835-85CC-9CFD-3DB6F3886649}"
EndProject
Global
	GlobalSection(SolutionConfigurationPlatforms) = preSolution
		Debug|Any CPU = Debug|Any CPU
		Release|Any CPU = Release|Any CPU
	EndGlobalSection
	GlobalSection(ProjectConfigurationPlatforms) = postSolution
		{546A2FAF-0025-4ADA-8CBA-D40708831A59}.Debug|Any CPU.ActiveCfg = Debug|Any CPU
		{546A2FAF-0025-4ADA-8CBA-D40708831A59}.Debug|Any CPU.Build.0 = Debug|Any CPU
		{546A2FAF-0025-4ADA-8CBA-D40708831A59}.Release|Any CPU.ActiveCfg = Release|Any CPU
		{546A2FAF-0025-4ADA-8CBA-D40708831A59}.Release|Any CPU.Build.0 = Release|Any CPU
		{00E4A2B6-EA6A-8AC3-E0F2-A30B0079F275}.Debug|Any CPU.ActiveCfg = Debug|Any CPU
		{00E4A2B6-EA6A-8AC3-E0F2-A30B0079F275}.Debug|Any CPU.Build.0 = Debug|Any CPU
		{00E4A2B6-EA6A-8AC3-E0F2-A30B0079F275}.Release|Any CPU.ActiveCfg = Release|Any CPU
		{00E4A2B6-EA6A-8AC3-E0F2-A30B0079F275}.Release|Any CPU.Build.0 = Release|Any CPU
		{5B64EF52-D70B-41D4-A9E2-DF3CB4C6427B}.Debug|Any CPU.ActiveCfg = Debug|Any CPU
		{5B64EF52-D70B-41D4-A9E2-DF3CB4C6427B}.Debug|Any CPU.Build.0 = Debug|Any CPU
		{5B64EF52-D70B-41D4-A9E2-DF3CB4C6427B}.Release|Any CPU.ActiveCfg = Release|Any CPU
		{5B64EF52-D70B-41D4-A9E2-DF3CB4C6427B}.Release|Any CPU.Build.0 = Release|Any CPU
		{17A61A4F-DA02-4A06-A9A3-372C817C895A}.Debug|Any CPU.ActiveCfg = Debug|Any CPU
		{17A61A4F-DA02-4A06-A9A3-372C817C895A}.Debug|Any CPU.Build.0 = Debug|Any CPU
		{17A61A4F-DA02-4A06-A9A3-372C817C895A}.Release|Any CPU.ActiveCfg = Release|Any CPU
		{17A61A4F-DA02-4A06-A9A3-372C817C895A}.Release|Any CPU.Build.0 = Release|Any CPU
		{24A2DC1B-B1FA-4B88-AAA4-7C4AB9240D39}.Debug|Any CPU.ActiveCfg = Debug|Any CPU
		{24A2DC1B-B1FA-4B88-AAA4-7C4AB9240D39}.Debug|Any CPU.Build.0 = Debug|Any CPU
		{24A2DC1B-B1FA-4B88-AAA4-7C4AB9240D39}.Release|Any CPU.ActiveCfg = Release|Any CPU
		{24A2DC1B-B1FA-4B88-AAA4-7C4AB9240D39}.Release|Any CPU.Build.0 = Release|Any CPU
		{D9548046-3502-477A-AF7A-F06A258624BB}.Debug|Any CPU.ActiveCfg = Debug|Any CPU
		{D9548046-3502-477A-AF7A-F06A258624BB}.Debug|Any CPU.Build.0 = Debug|Any CPU
		{D9548046-3502-477A-AF7A-F06A258624BB}.Release|Any CPU.ActiveCfg = Release|Any CPU
		{D9548046-3502-477A-AF7A-F06A258624BB}.Release|Any CPU.Build.0 = Release|Any CPU
		{444034D7-A6DA-4E60-82A0-27A1274BD6AB}.Debug|Any CPU.ActiveCfg = Debug|Any CPU
		{444034D7-A6DA-4E60-82A0-27A1274BD6AB}.Debug|Any CPU.Build.0 = Debug|Any CPU
		{444034D7-A6DA-4E60-82A0-27A1274BD6AB}.Release|Any CPU.ActiveCfg = Release|Any CPU
		{444034D7-A6DA-4E60-82A0-27A1274BD6AB}.Release|Any CPU.Build.0 = Release|Any CPU
		{30C2B289-BD7E-4EA0-B437-C286AF43E16B}.Debug|Any CPU.ActiveCfg = Debug|Any CPU
		{30C2B289-BD7E-4EA0-B437-C286AF43E16B}.Debug|Any CPU.Build.0 = Debug|Any CPU
		{30C2B289-BD7E-4EA0-B437-C286AF43E16B}.Release|Any CPU.ActiveCfg = Release|Any CPU
		{30C2B289-BD7E-4EA0-B437-C286AF43E16B}.Release|Any CPU.Build.0 = Release|Any CPU
		{32CD500B-B630-4B70-92B7-B1AD5639C9CF}.Debug|Any CPU.ActiveCfg = Debug|Any CPU
		{32CD500B-B630-4B70-92B7-B1AD5639C9CF}.Debug|Any CPU.Build.0 = Debug|Any CPU
		{32CD500B-B630-4B70-92B7-B1AD5639C9CF}.Release|Any CPU.ActiveCfg = Release|Any CPU
		{32CD500B-B630-4B70-92B7-B1AD5639C9CF}.Release|Any CPU.Build.0 = Release|Any CPU
		{112E2442-9FCE-7AB4-4737-EAF9751270D8}.Debug|Any CPU.ActiveCfg = Debug|Any CPU
		{112E2442-9FCE-7AB4-4737-EAF9751270D8}.Debug|Any CPU.Build.0 = Debug|Any CPU
		{112E2442-9FCE-7AB4-4737-EAF9751270D8}.Release|Any CPU.ActiveCfg = Release|Any CPU
		{112E2442-9FCE-7AB4-4737-EAF9751270D8}.Release|Any CPU.Build.0 = Release|Any CPU
		{DBEE125D-2731-41F4-8A60-119435709EA3}.Debug|Any CPU.ActiveCfg = Debug|Any CPU
		{DBEE125D-2731-41F4-8A60-119435709EA3}.Debug|Any CPU.Build.0 = Debug|Any CPU
		{DBEE125D-2731-41F4-8A60-119435709EA3}.Release|Any CPU.ActiveCfg = Release|Any CPU
		{DBEE125D-2731-41F4-8A60-119435709EA3}.Release|Any CPU.Build.0 = Release|Any CPU
		{6C33384E-AF97-552B-2023-15E437E5422D}.Debug|Any CPU.ActiveCfg = Debug|Any CPU
		{6C33384E-AF97-552B-2023-15E437E5422D}.Debug|Any CPU.Build.0 = Debug|Any CPU
		{6C33384E-AF97-552B-2023-15E437E5422D}.Release|Any CPU.ActiveCfg = Release|Any CPU
		{6C33384E-AF97-552B-2023-15E437E5422D}.Release|Any CPU.Build.0 = Release|Any CPU
		{A70C533E-4835-85CC-9CFD-3DB6F3886649}.Debug|Any CPU.ActiveCfg = Debug|Any CPU
		{A70C533E-4835-85CC-9CFD-3DB6F3886649}.Debug|Any CPU.Build.0 = Debug|Any CPU
		{A70C533E-4835-85CC-9CFD-3DB6F3886649}.Release|Any CPU.ActiveCfg = Release|Any CPU
		{A70C533E-4835-85CC-9CFD-3DB6F3886649}.Release|Any CPU.Build.0 = Release|Any CPU
	EndGlobalSection
	GlobalSection(SolutionProperties) = preSolution
		HideSolutionNode = FALSE
	EndGlobalSection
	GlobalSection(ExtensibilityGlobals) = postSolution
		SolutionGuid = {6F43C8B1-40B6-4F36-B40D-2B817AE525B7}
	EndGlobalSection
EndGlobal
